    "node_modules/@types/lodash.debounce": {
      "version": "4.0.9",
      "resolved": "https://registry.npmjs.org/@types/lodash.debounce/-/lodash.debounce-4.0.9.tgz",
      "integrity": "sha512-Ma5JcgTREwpLRwMM+XwBR7DaWe96nC38uCBDFKZWbNKD+osjVzdpnUSwBcqCptrp16sSOLBAUb50Car5I0TCsQ==",
      "license": "MIT",
      "dependencies": {
        "@types/lodash": "*"
      }
    },
        "@types/lodash.debounce": "^4.0.9",
        "libp2p": "2.8.11",
        "lodash.debounce": "^4.0.8"
