{
  "name": "@waku/node",
  "version": "1.0.0",
  "lockfileVersion": 2,
  "requires": true,
  "packages": {
    "": {
      "name": "@waku/node",
      "version": "1.0.0",
      "license": "ISC",
      "dependencies": {
        "js-waku": "file:../../build/main"
      }
    },
    "../../build/esm": {
      "extraneous": true
    },
    "../../build/main": {},
    "node_modules/js-waku": {
      "resolved": "../../build/main",
      "link": true
    }
  },
  "dependencies": {
    "js-waku": {
      "version": "file:../../build/main"
    }
  }
}
